{
  "name": "learnqiankun",
  "version": "1.0.0",
  "lockfileVersion": 1,
  "requires": true,
  "dependencies": {
    "@babel/runtime": {
      "version": "7.21.0",
      "resolved": "https://registry.npmmirror.com/@babel/runtime/-/runtime-7.21.0.tgz",
      "integrity": "sha512-xwII0//EObnq89Ji5AKYQaRYiW/nZ3llSv29d49IuxPhKbtJoLP+9QUUZ4nVragQVtaVGeZrpB+ZtG/Pdy/POw==",
      "requires": {
        "regenerator-runtime": "^0.13.11"
      }
    },
    "import-html-entry": {
      "version": "1.14.3",
      "resolved": "https://registry.npmmirror.com/import-html-entry/-/import-html-entry-1.14.3.tgz",
      "integrity": "sha512-bQOxi0vgebkDjYf510XiRgsRNZR3idBiBXAjJtzOzIO1ukSj+h/lIM3zx7poZiJVMMUuwjiEkYLlvmJNhKw85A==",
      "requires": {
        "@babel/runtime": "^7.7.2"
      }
    },
    "lodash": {
      "version": "4.17.21",
      "resolved": "https://registry.npmmirror.com/lodash/-/lodash-4.17.21.tgz",
      "integrity": "sha512-v2kDEe57lecTulaDIuNTPy3Ry4gLGJ6Z1O3vE1krgXZNrsQ+LFTGHVxVjcXPs17LhbZVGedAJv8XZ1tvj5FvSg=="
    },
    "qiankun": {
      "version": "2.10.3",
      "resolved": "https://registry.npmmirror.com/qiankun/-/qiankun-2.10.3.tgz",
      "integrity": "sha512-NmpblZy7FBujKpwb6GoDVUi0sRnfJYrxfkQt55PHRWmLM/A1g/IMUGwUeCydff9imv+A1YRwt3+ZiCM48SqrOg==",
      "requires": {
        "@babel/runtime": "^7.10.5",
        "import-html-entry": "^1.14.3",
        "lodash": "^4.17.11",
        "single-spa": "^5.9.2"
      }
    },
    "regenerator-runtime": {
      "version": "0.13.11",
      "resolved": "https://registry.npmmirror.com/regenerator-runtime/-/regenerator-runtime-0.13.11.tgz",
      "integrity": "sha512-kY1AZVr2Ra+t+piVaJ4gxaFaReZVH40AKNo7UCX6W+dEwBo/2oZJzqfuN1qLq1oL45o56cPaTXELwrTh8Fpggg=="
    },
    "single-spa": {
      "version": "5.9.4",
      "resolved": "https://registry.npmmirror.com/single-spa/-/single-spa-5.9.4.tgz",
      "integrity": "sha512-QkEoh0AzGuU82qnbUUk0ydF78QbU5wMKqKKJn7uUQfBiOYlRQEfIOpLM4m23Sab+kTOLI1kbYhYeiQ7fX5KVVw=="
    }
  }
}
